
Microsoft Visual Studio Solution File, Format Version 12.00
# Visual Studio 15
Project("{FAE04EC0-301F-11D3-BF4B-00C04F79EFBC}") = "Assembly-CSharp-Editor-firstpass", "Assembly-CSharp-Editor-firstpass.csproj", "{259B9979-31A1-D153-9652-D9DCA51A176A}"
EndProject
Global
	GlobalSection(SolutionConfigurationPlatforms) = preSolution
		Debug|Any CPU = Debug|Any CPU
		Release|Any CPU = Release|Any CPU
	EndGlobalSection
	GlobalSection(ProjectConfigurationPlatforms) = postSolution
		{259B9979-31A1-D153-9652-D9DCA51A176A}.Debug|Any CPU.ActiveCfg = Debug|Any CPU
		{259B9979-31A1-D153-9652-D9DCA51A176A}.Debug|Any CPU.Build.0 = Debug|Any CPU
		{259B9979-31A1-D153-9652-D9DCA51A176A}.Release|Any CPU.ActiveCfg = Release|Any CPU
		{259B9979-31A1-D153-9652-D9DCA51A176A}.Release|Any CPU.Build.0 = Release|Any CPU
	EndGlobalSection
	GlobalSection(SolutionProperties) = preSolution
		HideSolutionNode = FALSE
	EndGlobalSection
EndGlobal
